
Microsoft Visual Studio Solution File, Format Version 12.00
# Visual Studio Version 16
VisualStudioVersion = 16.0.30104.148
MinimumVisualStudioVersion = 10.0.40219.1
Project("{FAE04EC0-301F-11D3-BF4B-00C04F79EFBC}") = "UnitTestCykel", "UnitTestCykel.csproj", "{D0DA718F-FEC1-4D8E-8D91-0CD7758557F0}"
EndProject
Project("{FAE04EC0-301F-11D3-BF4B-00C04F79EFBC}") = "UnitTestCykelTests", "..\UnitTestCykelTests\UnitTestCykelTests.csproj", "{5BB6AC95-1989-421F-9911-8FB6A0E6C970}"
EndProject
Global
	GlobalSection(SolutionConfigurationPlatforms) = preSolution
		Debug|Any CPU = Debug|Any CPU
		Release|Any CPU = Release|Any CPU
	EndGlobalSection
	GlobalSection(ProjectConfigurationPlatforms) = postSolution
		{D0DA718F-FEC1-4D8E-8D91-0CD7758557F0}.Debug|Any CPU.ActiveCfg = Debug|Any CPU
		{D0DA718F-FEC1-4D8E-8D91-0CD7758557F0}.Debug|Any CPU.Build.0 = Debug|Any CPU
		{D0DA718F-FEC1-4D8E-8D91-0CD7758557F0}.Release|Any CPU.ActiveCfg = Release|Any CPU
		{D0DA718F-FEC1-4D8E-8D91-0CD7758557F0}.Release|Any CPU.Build.0 = Release|Any CPU
		{5BB6AC95-1989-421F-9911-8FB6A0E6C970}.Debug|Any CPU.ActiveCfg = Debug|Any CPU
		{5BB6AC95-1989-421F-9911-8FB6A0E6C970}.Debug|Any CPU.Build.0 = Debug|Any CPU
		{5BB6AC95-1989-421F-9911-8FB6A0E6C970}.Release|Any CPU.ActiveCfg = Release|Any CPU
		{5BB6AC95-1989-421F-9911-8FB6A0E6C970}.Release|Any CPU.Build.0 = Release|Any CPU
	EndGlobalSection
	GlobalSection(SolutionProperties) = preSolution
		HideSolutionNode = FALSE
	EndGlobalSection
	GlobalSection(ExtensibilityGlobals) = postSolution
		SolutionGuid = {3D4E62EE-845B-43DF-99BC-0F4C31886ABF}
	EndGlobalSection
EndGlobal
